
Microsoft Visual Studio Solution File, Format Version 12.00
# Visual Studio 15
VisualStudioVersion = 15.0.28307.902
MinimumVisualStudioVersion = 10.0.40219.1
Project("{FAE04EC0-301F-11D3-BF4B-00C04F79EFBC}") = "Cas20", "Cas20\Cas20.csproj", "{C368FA39-B2BC-4950-BF2F-92ABC777FB0B}"
EndProject
Global
	GlobalSection(SolutionConfigurationPlatforms) = preSolution
		Debug|Any CPU = Debug|Any CPU
		Release|Any CPU = Release|Any CPU
	EndGlobalSection
	GlobalSection(ProjectConfigurationPlatforms) = postSolution
		{C368FA39-B2BC-4950-BF2F-92ABC777FB0B}.Debug|Any CPU.ActiveCfg = Debug|Any CPU
		{C368FA39-B2BC-4950-BF2F-92ABC777FB0B}.Debug|Any CPU.Build.0 = Debug|Any CPU
		{C368FA39-B2BC-4950-BF2F-92ABC777FB0B}.Release|Any CPU.ActiveCfg = Release|Any CPU
		{C368FA39-B2BC-4950-BF2F-92ABC777FB0B}.Release|Any CPU.Build.0 = Release|Any CPU
	EndGlobalSection
	GlobalSection(SolutionProperties) = preSolution
		HideSolutionNode = FALSE
	EndGlobalSection
	GlobalSection(ExtensibilityGlobals) = postSolution
		SolutionGuid = {374BD32C-D430-4E64-A875-6B2A792A55A0}
	EndGlobalSection
EndGlobal
